{
  "name": "bvn2",
  "version": "1.0.0",
  "lockfileVersion": 1,
  "requires": true,
  "dependencies": {
    "@vnvm5k/bvn": {
      "version": "1.0.0",
      "resolved": "https://npm.pkg.github.com/download/@vnvm5k/bvn/1.0.0/81c5c152dccdcaf28e68b8f1a0d6dcf527eb272f37e6bad2f6c9158b89e3b4e4",
      "integrity": "sha512-RtwwYpUwByaiEPwg/uBORiD0sA50mDVrD8rGk1Zh2OB55l+bQYITcD4gSXWf9wZAKDzOz56l4YGm00gUUoOq6g=="
    }
  }
}
